
Microsoft Visual Studio Solution File, Format Version 12.00
# Visual Studio Version 17
VisualStudioVersion = 17.9.34723.18
MinimumVisualStudioVersion = 10.0.40219.1
Project("{FAE04EC0-301F-11D3-BF4B-00C04F79EFBC}") = "MatchGame", "MatchGame\MatchGame.csproj", "{21CB6BB8-6511-4DB0-A9A6-8B0A118AEE11}"
EndProject
Global
	GlobalSection(SolutionConfigurationPlatforms) = preSolution
		Debug|Any CPU = Debug|Any CPU
		Release|Any CPU = Release|Any CPU
	EndGlobalSection
	GlobalSection(ProjectConfigurationPlatforms) = postSolution
		{21CB6BB8-6511-4DB0-A9A6-8B0A118AEE11}.Debug|Any CPU.ActiveCfg = Debug|Any CPU
		{21CB6BB8-6511-4DB0-A9A6-8B0A118AEE11}.Debug|Any CPU.Build.0 = Debug|Any CPU
		{21CB6BB8-6511-4DB0-A9A6-8B0A118AEE11}.Release|Any CPU.ActiveCfg = Release|Any CPU
		{21CB6BB8-6511-4DB0-A9A6-8B0A118AEE11}.Release|Any CPU.Build.0 = Release|Any CPU
	EndGlobalSection
	GlobalSection(SolutionProperties) = preSolution
		HideSolutionNode = FALSE
	EndGlobalSection
	GlobalSection(ExtensibilityGlobals) = postSolution
		SolutionGuid = {1644D313-DFCB-49C1-B292-E383D1F45B36}
	EndGlobalSection
EndGlobal
